// !$*UTF8*$!
{
	archiveVersion = 1;
	classes = {
	};
	objectVersion = 50;
	objects = {

/* Begin PBXBuildFile section */
		F0331E4124167F9500AA1075 /* AppDelegate.swift in Sources */ = {isa = PBXBuildFile; fileRef = F0331E4024167F9500AA1075 /* AppDelegate.swift */; };
		F0331E4324167F9500AA1075 /* ViewController.swift in Sources */ = {isa = PBXBuildFile; fileRef = F0331E4224167F9500AA1075 /* ViewController.swift */; };
		F0331E4624167F9500AA1075 /* Main.storyboard in Resources */ = {isa = PBXBuildFile; fileRef = F0331E4424167F9500AA1075 /* Main.storyboard */; };
		F0331E4824167F9700AA1075 /* Assets.xcassets in Resources */ = {isa = PBXBuildFile; fileRef = F0331E4724167F9700AA1075 /* Assets.xcassets */; };
		F0331E4B24167F9700AA1075 /* LaunchScreen.storyboard in Resources */ = {isa = PBXBuildFile; fileRef = F0331E4924167F9700AA1075 /* LaunchScreen.storyboard */; };
		F0331E5624167F9700AA1075 /* proposeTests.swift in Sources */ = {isa = PBXBuildFile; fileRef = F0331E5524167F9700AA1075 /* proposeTests.swift */; };
		F0331E6124167F9700AA1075 /* proposeUITests.swift in Sources */ = {isa = PBXBuildFile; fileRef = F0331E6024167F9700AA1075 /* proposeUITests.swift */; };
/* End PBXBuildFile section */

/* Begin PBXContainerItemProxy section */
		F0331E5224167F9700AA1075 /* PBXContainerItemProxy */ = {
			isa = PBXContainerItemProxy;
			containerPortal = F0331E3524167F9500AA1075 /* Project object */;
			proxyType = 1;
			remoteGlobalIDString = F0331E3C24167F9500AA1075;
			remoteInfo = propose;
		};
		F0331E5D24167F9700AA1075 /* PBXContainerItemProxy */ = {
			isa = PBXContainerItemProxy;
			containerPortal = F0331E3524167F9500AA1075 /* Project object */;
			proxyType = 1;
			remoteGlobalIDString = F0331E3C24167F9500AA1075;
			remoteInfo = propose;
		};
/* End PBXContainerItemProxy section */

/* Begin PBXFileReference section */
		F0331E3D24167F9500AA1075 /* propose.app */ = {isa = PBXFileReference; explicitFileType = wrapper.application; includeInIndex = 0; path = propose.app; sourceTree = BUILT_PRODUCTS_DIR; };
		F0331E4024167F9500AA1075 /* AppDelegate.swift */ = {isa = PBXFileReference; lastKnownFileType = sourcecode.swift; path = AppDelegate.swift; sourceTree = "<group>"; };
		F0331E4224167F9500AA1075 /* ViewController.swift */ = {isa = PBXFileReference; lastKnownFileType = sourcecode.swift; path = ViewController.swift; sourceTree = "<group>"; };
		F0331E4524167F9500AA1075 /* Base */ = {isa = PBXFileReference; lastKnownFileType = file.storyboard; name = Base; path = Base.lproj/Main.storyboard; sourceTree = "<group>"; };
		F0331E4724167F9700AA1075 /* Assets.xcassets */ = {isa = PBXFileReference; lastKnownFileType = folder.assetcatalog; path = Assets.xcassets; sourceTree = "<group>"; };
		F0331E4A24167F9700AA1075 /* Base */ = {isa = PBXFileReference; lastKnownFileType = file.storyboard; name = Base; path = Base.lproj/LaunchScreen.storyboard; sourceTree = "<group>"; };
		F0331E4C24167F9700AA1075 /* Info.plist */ = {isa = PBXFileReference; lastKnownFileType = text.plist.xml; path = Info.plist; sourceTree = "<group>"; };
		F0331E5124167F9700AA1075 /* proposeTests.xctest */ = {isa = PBXFileReference; explicitFileType = wrapper.cfbundle; includeInIndex = 0; path = proposeTests.xctest; sourceTree = BUILT_PRODUCTS_DIR; };
		F0331E5524167F9700AA1075 /* proposeTests.swift */ = {isa = PBXFileReference; lastKnownFileType = sourcecode.swift; path = proposeTests.swift; sourceTree = "<group>"; };
		F0331E5724167F9700AA1075 /* Info.plist */ = {isa = PBXFileReference; lastKnownFileType = text.plist.xml; path = Info.plist; sourceTree = "<group>"; };
		F0331E5C24167F9700AA1075 /* proposeUITests.xctest */ = {isa = PBXFileReference; explicitFileType = wrapper.cfbundle; includeInIndex = 0; path = proposeUITests.xctest; sourceTree = BUILT_PRODUCTS_DIR; };
		F0331E6024167F9700AA1075 /* proposeUITests.swift */ = {isa = PBXFileReference; lastKnownFileType = sourcecode.swift; path = proposeUITests.swift; sourceTree = "<group>"; };
		F0331E6224167F9700AA1075 /* Info.plist */ = {isa = PBXFileReference; lastKnownFileType = text.plist.xml; path = Info.plist; sourceTree = "<group>"; };
/* End PBXFileReference section */

/* Begin PBXFrameworksBuildPhase section */
		F0331E3A24167F9500AA1075 /* Frameworks */ = {
			isa = PBXFrameworksBuildPhase;
			buildActionMask = 2147483647;
			files = (
			);
			runOnlyForDeploymentPostprocessing = 0;
		};
		F0331E4E24167F9700AA1075 /* Frameworks */ = {
			isa = PBXFrameworksBuildPhase;
			buildActionMask = 2147483647;
			files = (
			);
			runOnlyForDeploymentPostprocessing = 0;
		};
		F0331E5924167F9700AA1075 /* Frameworks */ = {
			isa = PBXFrameworksBuildPhase;
			buildActionMask = 2147483647;
			files = (
			);
			runOnlyForDeploymentPostprocessing = 0;
		};
/* End PBXFrameworksBuildPhase section */

/* Begin PBXGroup section */
		F0331E3424167F9500AA1075 = {
			isa = PBXGroup;
			children = (
				F0331E3F24167F9500AA1075 /* propose */,
				F0331E5424167F9700AA1075 /* proposeTests */,
				F0331E5F24167F9700AA1075 /* proposeUITests */,
				F0331E3E24167F9500AA1075 /* Products */,
			);
			sourceTree = "<group>";
		};
		F0331E3E24167F9500AA1075 /* Products */ = {
			isa = PBXGroup;
			children = (
				F0331E3D24167F9500AA1075 /* propose.app */,
				F0331E5124167F9700AA1075 /* proposeTests.xctest */,
				F0331E5C24167F9700AA1075 /* proposeUITests.xctest */,
			);
			name = Products;
			sourceTree = "<group>";
		};
		F0331E3F24167F9500AA1075 /* propose */ = {
			isa = PBXGroup;
			children = (
				F0331E4024167F9500AA1075 /* AppDelegate.swift */,
				F0331E4224167F9500AA1075 /* ViewController.swift */,
				F0331E4424167F9500AA1075 /* Main.storyboard */,
				F0331E4724167F9700AA1075 /* Assets.xcassets */,
				F0331E4924167F9700AA1075 /* LaunchScreen.storyboard */,
				F0331E4C24167F9700AA1075 /* Info.plist */,
			);
			path = propose;
			sourceTree = "<group>";
		};
		F0331E5424167F9700AA1075 /* proposeTests */ = {
			isa = PBXGroup;
			children = (
				F0331E5524167F9700AA1075 /* proposeTests.swift */,
				F0331E5724167F9700AA1075 /* Info.plist */,
			);
			path = proposeTests;
			sourceTree = "<group>";
		};
		F0331E5F24167F9700AA1075 /* proposeUITests */ = {
			isa = PBXGroup;
			children = (
				F0331E6024167F9700AA1075 /* proposeUITests.swift */,
				F0331E6224167F9700AA1075 /* Info.plist */,
			);
			path = proposeUITests;
			sourceTree = "<group>";
		};
/* End PBXGroup section */

/* Begin PBXNativeTarget section */
		F0331E3C24167F9500AA1075 /* propose */ = {
			isa = PBXNativeTarget;
			buildConfigurationList = F0331E6524167F9700AA1075 /* Build configuration list for PBXNativeTarget "propose" */;
			buildPhases = (
				F0331E3924167F9500AA1075 /* Sources */,
				F0331E3A24167F9500AA1075 /* Frameworks */,
				F0331E3B24167F9500AA1075 /* Resources */,
			);
			buildRules = (
			);
			dependencies = (
			);
			name = propose;
			productName = propose;
			productReference = F0331E3D24167F9500AA1075 /* propose.app */;
			productType = "com.apple.product-type.application";
		};
		F0331E5024167F9700AA1075 /* proposeTests */ = {
			isa = PBXNativeTarget;
			buildConfigurationList = F0331E6824167F9700AA1075 /* Build configuration list for PBXNativeTarget "proposeTests" */;
			buildPhases = (
				F0331E4D24167F9700AA1075 /* Sources */,
				F0331E4E24167F9700AA1075 /* Frameworks */,
				F0331E4F24167F9700AA1075 /* Resources */,
			);
			buildRules = (
			);
			dependencies = (
				F0331E5324167F9700AA1075 /* PBXTargetDependency */,
			);
			name = proposeTests;
			productName = proposeTests;
			productReference = F0331E5124167F9700AA1075 /* proposeTests.xctest */;
			productType = "com.apple.product-type.bundle.unit-test";
		};
		F0331E5B24167F9700AA1075 /* proposeUITests */ = {
			isa = PBXNativeTarget;
			buildConfigurationList = F0331E6B24167F9700AA1075 /* Build configuration list for PBXNativeTarget "proposeUITests" */;
			buildPhases = (
				F0331E5824167F9700AA1075 /* Sources */,
				F0331E5924167F9700AA1075 /* Frameworks */,
				F0331E5A24167F9700AA1075 /* Resources */,
			);
			buildRules = (
			);
			dependencies = (
				F0331E5E24167F9700AA1075 /* PBXTargetDependency */,
			);
			name = proposeUITests;
			productName = proposeUITests;
			productReference = F0331E5C24167F9700AA1075 /* proposeUITests.xctest */;
			productType = "com.apple.product-type.bundle.ui-testing";
		};
/* End PBXNativeTarget section */

/* Begin PBXProject section */
		F0331E3524167F9500AA1075 /* Project object */ = {
			isa = PBXProject;
			attributes = {
				LastSwiftUpdateCheck = 0940;
				LastUpgradeCheck = 0940;
				ORGANIZATIONNAME = Kanata;
				TargetAttributes = {
					F0331E3C24167F9500AA1075 = {
						CreatedOnToolsVersion = 9.4.1;
					};
					F0331E5024167F9700AA1075 = {
						CreatedOnToolsVersion = 9.4.1;
						TestTargetID = F0331E3C24167F9500AA1075;
					};
					F0331E5B24167F9700AA1075 = {
						CreatedOnToolsVersion = 9.4.1;
						TestTargetID = F0331E3C24167F9500AA1075;
					};
				};
			};
			buildConfigurationList = F0331E3824167F9500AA1075 /* Build configuration list for PBXProject "propose" */;
			compatibilityVersion = "Xcode 9.3";
			developmentRegion = en;
			hasScannedForEncodings = 0;
			knownRegions = (
				en,
				Base,
			);
			mainGroup = F0331E3424167F9500AA1075;
			productRefGroup = F0331E3E24167F9500AA1075 /* Products */;
			projectDirPath = "";
			projectRoot = "";
			targets = (
				F0331E3C24167F9500AA1075 /* propose */,
				F0331E5024167F9700AA1075 /* proposeTests */,
				F0331E5B24167F9700AA1075 /* proposeUITests */,
			);
		};
/* End PBXProject section */

/* Begin PBXResourcesBuildPhase section */
		F0331E3B24167F9500AA1075 /* Resources */ = {
			isa = PBXResourcesBuildPhase;
			buildActionMask = 2147483647;
			files = (
				F0331E4B24167F9700AA1075 /* LaunchScreen.storyboard in Resources */,
				F0331E4824167F9700AA1075 /* Assets.xcassets in Resources */,
				F0331E4624167F9500AA1075 /* Main.storyboard in Resources */,
			);
			runOnlyForDeploymentPostprocessing = 0;
		};
		F0331E4F24167F9700AA1075 /* Resources */ = {
			isa = PBXResourcesBuildPhase;
			buildActionMask = 2147483647;
			files = (
			);
			runOnlyForDeploymentPostprocessing = 0;
		};
		F0331E5A24167F9700AA1075 /* Resources */ = {
			isa = PBXResourcesBuildPhase;
			buildActionMask = 2147483647;
			files = (
			);
			runOnlyForDeploymentPostprocessing = 0;
		};
/* End PBXResourcesBuildPhase section */

/* Begin PBXSourcesBuildPhase section */
		F0331E3924167F9500AA1075 /* Sources */ = {
			isa = PBXSourcesBuildPhase;
			buildActionMask = 2147483647;
			files = (
				F0331E4324167F9500AA1075 /* ViewController.swift in Sources */,
				F0331E4124167F9500AA1075 /* AppDelegate.swift in Sources */,
			);
			runOnlyForDeploymentPostprocessing = 0;
		};
		F0331E4D24167F9700AA1075 /* Sources */ = {
			isa = PBXSourcesBuildPhase;
			buildActionMask = 2147483647;
			files = (
				F0331E5624167F9700AA1075 /* proposeTests.swift in Sources */,
			);
			runOnlyForDeploymentPostprocessing = 0;
		};
		F0331E5824167F9700AA1075 /* Sources */ = {
			isa = PBXSourcesBuildPhase;
			buildActionMask = 2147483647;
			files = (
				F0331E6124167F9700AA1075 /* proposeUITests.swift in Sources */,
			);
			runOnlyForDeploymentPostprocessing = 0;
		};
/* End PBXSourcesBuildPhase section */

/* Begin PBXTargetDependency section */
		F0331E5324167F9700AA1075 /* PBXTargetDependency */ = {
			isa = PBXTargetDependency;
			target = F0331E3C24167F9500AA1075 /* propose */;
			targetProxy = F0331E5224167F9700AA1075 /* PBXContainerItemProxy */;
		};
		F0331E5E24167F9700AA1075 /* PBXTargetDependency */ = {
			isa = PBXTargetDependency;
			target = F0331E3C24167F9500AA1075 /* propose */;
			targetProxy = F0331E5D24167F9700AA1075 /* PBXContainerItemProxy */;
		};
/* End PBXTargetDependency section */

/* Begin PBXVariantGroup section */
		F0331E4424167F9500AA1075 /* Main.storyboard */ = {
			isa = PBXVariantGroup;
			children = (
				F0331E4524167F9500AA1075 /* Base */,
			);
			name = Main.storyboard;
			sourceTree = "<group>";
		};
		F0331E4924167F9700AA1075 /* LaunchScreen.storyboard */ = {
			isa = PBXVariantGroup;
			children = (
				F0331E4A24167F9700AA1075 /* Base */,
			);
			name = LaunchScreen.storyboard;
			sourceTree = "<group>";
		};
/* End PBXVariantGroup section */

/* Begin XCBuildConfiguration section */
		F0331E6324167F9700AA1075 /* Debug */ = {
			isa = XCBuildConfiguration;
			buildSettings = {
				ALWAYS_SEARCH_USER_PATHS = NO;
				CLANG_ANALYZER_NONNULL = YES;
				CLANG_ANALYZER_NUMBER_OBJECT_CONVERSION = YES_AGGRESSIVE;
				CLANG_CXX_LANGUAGE_STANDARD = "gnu++14";
				CLANG_CXX_LIBRARY = "libc++";
				CLANG_ENABLE_MODULES = YES;
				CLANG_ENABLE_OBJC_ARC = YES;
				CLANG_ENABLE_OBJC_WEAK = YES;
				CLANG_WARN_BLOCK_CAPTURE_AUTORELEASING = YES;
				CLANG_WARN_BOOL_CONVERSION = YES;
				CLANG_WARN_COMMA = YES;
				CLANG_WARN_CONSTANT_CONVERSION = YES;
				CLANG_WARN_DEPRECATED_OBJC_IMPLEMENTATIONS = YES;
				CLANG_WARN_DIRECT_OBJC_ISA_USAGE = YES_ERROR;
				CLANG_WARN_DOCUMENTATION_COMMENTS = YES;
				CLANG_WARN_EMPTY_BODY = YES;
				CLANG_WARN_ENUM_CONVERSION = YES;
				CLANG_WARN_INFINITE_RECURSION = YES;
				CLANG_WARN_INT_CONVERSION = YES;
				CLANG_WARN_NON_LITERAL_NULL_CONVERSION = YES;
				CLANG_WARN_OBJC_IMPLICIT_RETAIN_SELF = YES;
				CLANG_WARN_OBJC_LITERAL_CONVERSION = YES;
				CLANG_WARN_OBJC_ROOT_CLASS = YES_ERROR;
				CLANG_WARN_RANGE_LOOP_ANALYSIS = YES;
				CLANG_WARN_STRICT_PROTOTYPES = YES;
				CLANG_WARN_SUSPICIOUS_MOVE = YES;
				CLANG_WARN_UNGUARDED_AVAILABILITY = YES_AGGRESSIVE;
				CLANG_WARN_UNREACHABLE_CODE = YES;
				CLANG_WARN__DUPLICATE_METHOD_MATCH = YES;
				CODE_SIGN_IDENTITY = "iPhone Developer";
				COPY_PHASE_STRIP = NO;
				DEBUG_INFORMATION_FORMAT = dwarf;
				ENABLE_STRICT_OBJC_MSGSEND = YES;
				ENABLE_TESTABILITY = YES;
				GCC_C_LANGUAGE_STANDARD = gnu11;
				GCC_DYNAMIC_NO_PIC = NO;
				GCC_NO_COMMON_BLOCKS = YES;
				GCC_OPTIMIZATION_LEVEL = 0;
				GCC_PREPROCESSOR_DEFINITIONS = (
					"DEBUG=1",
					"$(inherited)",
				);
				GCC_WARN_64_TO_32_BIT_CONVERSION = YES;
				GCC_WARN_ABOUT_RETURN_TYPE = YES_ERROR;
				GCC_WARN_UNDECLARED_SELECTOR = YES;
				GCC_WARN_UNINITIALIZED_AUTOS = YES_AGGRESSIVE;
				GCC_WARN_UNUSED_FUNCTION = YES;
				GCC_WARN_UNUSED_VARIABLE = YES;
				IPHONEOS_DEPLOYMENT_TARGET = 11.4;
				MTL_ENABLE_DEBUG_INFO = YES;
				ONLY_ACTIVE_ARCH = YES;
				SDKROOT = iphoneos;
				SWIFT_ACTIVE_COMPILATION_CONDITIONS = DEBUG;
				SWIFT_OPTIMIZATION_LEVEL = "-Onone";
			};
			name = Debug;
		};
		F0331E6424167F9700AA1075 /* Release */ = {
			isa = XCBuildConfiguration;
			buildSettings = {
				ALWAYS_SEARCH_USER_PATHS = NO;
				CLANG_ANALYZER_NONNULL = YES;
				CLANG_ANALYZER_NUMBER_OBJECT_CONVERSION = YES_AGGRESSIVE;
				CLANG_CXX_LANGUAGE_STANDARD = "gnu++14";
				CLANG_CXX_LIBRARY = "libc++";
				CLANG_ENABLE_MODULES = YES;
				CLANG_ENABLE_OBJC_ARC = YES;
				CLANG_ENABLE_OBJC_WEAK = YES;
				CLANG_WARN_BLOCK_CAPTURE_AUTORELEASING = YES;
				CLANG_WARN_BOOL_CONVERSION = YES;
				CLANG_WARN_COMMA = YES;
				CLANG_WARN_CONSTANT_CONVERSION = YES;
				CLANG_WARN_DEPRECATED_OBJC_IMPLEMENTATIONS = YES;
				CLANG_WARN_DIRECT_OBJC_ISA_USAGE = YES_ERROR;
				CLANG_WARN_DOCUMENTATION_COMMENTS = YES;
				CLANG_WARN_EMPTY_BODY = YES;
				CLANG_WARN_ENUM_CONVERSION = YES;
				CLANG_WARN_INFINITE_RECURSION = YES;
				CLANG_WARN_INT_CONVERSION = YES;
				CLANG_WARN_NON_LITERAL_NULL_CONVERSION = YES;
				CLANG_WARN_OBJC_IMPLICIT_RETAIN_SELF = YES;
				CLANG_WARN_OBJC_LITERAL_CONVERSION = YES;
				CLANG_WARN_OBJC_ROOT_CLASS = YES_ERROR;
				CLANG_WARN_RANGE_LOOP_ANALYSIS = YES;
				CLANG_WARN_STRICT_PROTOTYPES = YES;
				CLANG_WARN_SUSPICIOUS_MOVE = YES;
				CLANG_WARN_UNGUARDED_AVAILABILITY = YES_AGGRESSIVE;
				CLANG_WARN_UNREACHABLE_CODE = YES;
				CLANG_WARN__DUPLICATE_METHOD_MATCH = YES;
				CODE_SIGN_IDENTITY = "iPhone Developer";
				COPY_PHASE_STRIP = NO;
				DEBUG_INFORMATION_FORMAT = "dwarf-with-dsym";
				ENABLE_NS_ASSERTIONS = NO;
				ENABLE_STRICT_OBJC_MSGSEND = YES;
				GCC_C_LANGUAGE_STANDARD = gnu11;
				GCC_NO_COMMON_BLOCKS = YES;
				GCC_WARN_64_TO_32_BIT_CONVERSION = YES;
				GCC_WARN_ABOUT_RETURN_TYPE = YES_ERROR;
				GCC_WARN_UNDECLARED_SELECTOR = YES;
				GCC_WARN_UNINITIALIZED_AUTOS = YES_AGGRESSIVE;
				GCC_WARN_UNUSED_FUNCTION = YES;
				GCC_WARN_UNUSED_VARIABLE = YES;
				IPHONEOS_DEPLOYMENT_TARGET = 11.4;
				MTL_ENABLE_DEBUG_INFO = NO;
				SDKROOT = iphoneos;
				SWIFT_COMPILATION_MODE = wholemodule;
				SWIFT_OPTIMIZATION_LEVEL = "-O";
				VALIDATE_PRODUCT = YES;
			};
			name = Release;
		};
		F0331E6624167F9700AA1075 /* Debug */ = {
			isa = XCBuildConfiguration;
			buildSettings = {
				ASSETCATALOG_COMPILER_APPICON_NAME = AppIcon;
				CODE_SIGN_STYLE = Automatic;
				INFOPLIST_FILE = propose/Info.plist;
				LD_RUNPATH_SEARCH_PATHS = (
					"$(inherited)",
					"@executable_path/Frameworks",
				);
				PRODUCT_BUNDLE_IDENTIFIER = Shina.propose;
				PRODUCT_NAME = "$(TARGET_NAME)";
				SWIFT_VERSION = 4.0;
				TARGETED_DEVICE_FAMILY = "1,2";
			};
			name = Debug;
		};
		F0331E6724167F9700AA1075 /* Release */ = {
			isa = XCBuildConfiguration;
			buildSettings = {
				ASSETCATALOG_COMPILER_APPICON_NAME = AppIcon;
				CODE_SIGN_STYLE = Automatic;
				INFOPLIST_FILE = propose/Info.plist;
				LD_RUNPATH_SEARCH_PATHS = (
					"$(inherited)",
					"@executable_path/Frameworks",
				);
				PRODUCT_BUNDLE_IDENTIFIER = Shina.propose;
				PRODUCT_NAME = "$(TARGET_NAME)";
				SWIFT_VERSION = 4.0;
				TARGETED_DEVICE_FAMILY = "1,2";
			};
			name = Release;
		};
		F0331E6924167F9700AA1075 /* Debug */ = {
			isa = XCBuildConfiguration;
			buildSettings = {
				ALWAYS_EMBED_SWIFT_STANDARD_LIBRARIES = YES;
				BUNDLE_LOADER = "$(TEST_HOST)";
				CODE_SIGN_STYLE = Automatic;
				INFOPLIST_FILE = proposeTests/Info.plist;
				LD_RUNPATH_SEARCH_PATHS = (
					"$(inherited)",
					"@executable_path/Frameworks",
					"@loader_path/Frameworks",
				);
				PRODUCT_BUNDLE_IDENTIFIER = Shina.proposeTests;
				PRODUCT_NAME = "$(TARGET_NAME)";
				SWIFT_VERSION = 4.0;
				TARGETED_DEVICE_FAMILY = "1,2";
				TEST_HOST = "$(BUILT_PRODUCTS_DIR)/propose.app/propose";
			};
			name = Debug;
		};
		F0331E6A24167F9700AA1075 /* Release */ = {
			isa = XCBuildConfiguration;
			buildSettings = {
				ALWAYS_EMBED_SWIFT_STANDARD_LIBRARIES = YES;
				BUNDLE_LOADER = "$(TEST_HOST)";
				CODE_SIGN_STYLE = Automatic;
				INFOPLIST_FILE = proposeTests/Info.plist;
				LD_RUNPATH_SEARCH_PATHS = (
					"$(inherited)",
					"@executable_path/Frameworks",
					"@loader_path/Frameworks",
				);
				PRODUCT_BUNDLE_IDENTIFIER = Shina.proposeTests;
				PRODUCT_NAME = "$(TARGET_NAME)";
				SWIFT_VERSION = 4.0;
				TARGETED_DEVICE_FAMILY = "1,2";
				TEST_HOST = "$(BUILT_PRODUCTS_DIR)/propose.app/propose";
			};
			name = Release;
		};
		F0331E6C24167F9700AA1075 /* Debug */ = {
			isa = XCBuildConfiguration;
			buildSettings = {
				ALWAYS_EMBED_SWIFT_STANDARD_LIBRARIES = YES;
				CODE_SIGN_STYLE = Automatic;
				INFOPLIST_FILE = proposeUITests/Info.plist;
				LD_RUNPATH_SEARCH_PATHS = (
					"$(inherited)",
					"@executable_path/Frameworks",
					"@loader_path/Frameworks",
				);
				PRODUCT_BUNDLE_IDENTIFIER = Shina.proposeUITests;
				PRODUCT_NAME = "$(TARGET_NAME)";
				SWIFT_VERSION = 4.0;
				TARGETED_DEVICE_FAMILY = "1,2";
				TEST_TARGET_NAME = propose;
			};
			name = Debug;
		};
		F0331E6D24167F9700AA1075 /* Release */ = {
			isa = XCBuildConfiguration;
			buildSettings = {
				ALWAYS_EMBED_SWIFT_STANDARD_LIBRARIES = YES;
				CODE_SIGN_STYLE = Automatic;
				INFOPLIST_FILE = proposeUITests/Info.plist;
				LD_RUNPATH_SEARCH_PATHS = (
					"$(inherited)",
					"@executable_path/Frameworks",
					"@loader_path/Frameworks",
				);
				PRODUCT_BUNDLE_IDENTIFIER = Shina.proposeUITests;
				PRODUCT_NAME = "$(TARGET_NAME)";
				SWIFT_VERSION = 4.0;
				TARGETED_DEVICE_FAMILY = "1,2";
				TEST_TARGET_NAME = propose;
			};
			name = Release;
		};
/* End XCBuildConfiguration section */

/* Begin XCConfigurationList section */
		F0331E3824167F9500AA1075 /* Build configuration list for PBXProject "propose" */ = {
			isa = XCConfigurationList;
			buildConfigurations = (
				F0331E6324167F9700AA1075 /* Debug */,
				F0331E6424167F9700AA1075 /* Release */,
			);
			defaultConfigurationIsVisible = 0;
			defaultConfigurationName = Release;
		};
		F0331E6524167F9700AA1075 /* Build configuration list for PBXNativeTarget "propose" */ = {
			isa = XCConfigurationList;
			buildConfigurations = (
				F0331E6624167F9700AA1075 /* Debug */,
				F0331E6724167F9700AA1075 /* Release */,
			);
			defaultConfigurationIsVisible = 0;
			defaultConfigurationName = Release;
		};
		F0331E6824167F9700AA1075 /* Build configuration list for PBXNativeTarget "proposeTests" */ = {
			isa = XCConfigurationList;
			buildConfigurations = (
				F0331E6924167F9700AA1075 /* Debug */,
				F0331E6A24167F9700AA1075 /* Release */,
			);
			defaultConfigurationIsVisible = 0;
			defaultConfigurationName = Release;
		};
		F0331E6B24167F9700AA1075 /* Build configuration list for PBXNativeTarget "proposeUITests" */ = {
			isa = XCConfigurationList;
			buildConfigurations = (
				F0331E6C24167F9700AA1075 /* Debug */,
				F0331E6D24167F9700AA1075 /* Release */,
			);
			defaultConfigurationIsVisible = 0;
			defaultConfigurationName = Release;
		};
/* End XCConfigurationList section */
	};
	rootObject = F0331E3524167F9500AA1075 /* Project object */;
}
